
Microsoft Visual Studio Solution File, Format Version 12.00
Project("{FAE04EC0-301F-11D3-BF4B-00C04F79EFBC}") = "MenuManagerAdapter", "MenuManagerAdapter\MenuManagerAdapter.csproj", "{808265F1-55BB-4373-8178-39690A576766}"
EndProject
Project("{FAE04EC0-301F-11D3-BF4B-00C04F79EFBC}") = "FakeMenuManagerCore", "FakeMenuManagerCore\FakeMenuManagerCore.csproj", "{63D28F09-CB3D-48F9-9721-242DBD7E8FD3}"
EndProject
Global
	GlobalSection(SolutionConfigurationPlatforms) = preSolution
		Debug|Any CPU = Debug|Any CPU
		Release|Any CPU = Release|Any CPU
	EndGlobalSection
	GlobalSection(ProjectConfigurationPlatforms) = postSolution
		{808265F1-55BB-4373-8178-39690A576766}.Debug|Any CPU.ActiveCfg = Debug|Any CPU
		{808265F1-55BB-4373-8178-39690A576766}.Debug|Any CPU.Build.0 = Debug|Any CPU
		{808265F1-55BB-4373-8178-39690A576766}.Release|Any CPU.ActiveCfg = Release|Any CPU
		{808265F1-55BB-4373-8178-39690A576766}.Release|Any CPU.Build.0 = Release|Any CPU
		{63D28F09-CB3D-48F9-9721-242DBD7E8FD3}.Debug|Any CPU.ActiveCfg = Debug|Any CPU
		{63D28F09-CB3D-48F9-9721-242DBD7E8FD3}.Debug|Any CPU.Build.0 = Debug|Any CPU
		{63D28F09-CB3D-48F9-9721-242DBD7E8FD3}.Release|Any CPU.ActiveCfg = Release|Any CPU
		{63D28F09-CB3D-48F9-9721-242DBD7E8FD3}.Release|Any CPU.Build.0 = Release|Any CPU
	EndGlobalSection
EndGlobal
